// !$*UTF8*$!
{
	archiveVersion = 1;
	classes = {
	};
	objectVersion = 50;
	objects = {

/* Begin PBXBuildFile section */
		FC3AE39025FFA648008D5022 /* AppDelegate.swift in Sources */ = {isa = PBXBuildFile; fileRef = FC3AE38F25FFA648008D5022 /* AppDelegate.swift */; };
		FC3AE39225FFA648008D5022 /* SceneDelegate.swift in Sources */ = {isa = PBXBuildFile; fileRef = FC3AE39125FFA648008D5022 /* SceneDelegate.swift */; };
		FC3AE39425FFA648008D5022 /* ViewController.swift in Sources */ = {isa = PBXBuildFile; fileRef = FC3AE39325FFA648008D5022 /* ViewController.swift */; };
		FC3AE39725FFA648008D5022 /* Main.storyboard in Resources */ = {isa = PBXBuildFile; fileRef = FC3AE39525FFA648008D5022 /* Main.storyboard */; };
		FC3AE39925FFA648008D5022 /* Assets.xcassets in Resources */ = {isa = PBXBuildFile; fileRef = FC3AE39825FFA648008D5022 /* Assets.xcassets */; };
		FC3AE39C25FFA648008D5022 /* LaunchScreen.storyboard in Resources */ = {isa = PBXBuildFile; fileRef = FC3AE39A25FFA648008D5022 /* LaunchScreen.storyboard */; };
		FC3AE3A725FFA649008D5022 /* SwiftLeecodeTests.swift in Sources */ = {isa = PBXBuildFile; fileRef = FC3AE3A625FFA649008D5022 /* SwiftLeecodeTests.swift */; };
		FC3AE3B225FFA649008D5022 /* SwiftLeecodeUITests.swift in Sources */ = {isa = PBXBuildFile; fileRef = FC3AE3B125FFA649008D5022 /* SwiftLeecodeUITests.swift */; };
		FC3AE3C425FFA673008D5022 /* 1-TwoNumber.swift in Sources */ = {isa = PBXBuildFile; fileRef = FC3AE3C325FFA673008D5022 /* 1-TwoNumber.swift */; };
		FC3AE3D22600DDC6008D5022 /* 1480-RunningSumOf1dArray.swift in Sources */ = {isa = PBXBuildFile; fileRef = FC3AE3D12600DDC6008D5022 /* 1480-RunningSumOf1dArray.swift */; };
		FC3AE3D72600E0E5008D5022 /* RunningSumTest.swift in Sources */ = {isa = PBXBuildFile; fileRef = FC3AE3D62600E0E5008D5022 /* RunningSumTest.swift */; };
		FC3FBE9226034FD600E9240C /* 1431-KidsWithTheGreatestNumberOfCandies.swift in Sources */ = {isa = PBXBuildFile; fileRef = FC3FBE9126034FD600E9240C /* 1431-KidsWithTheGreatestNumberOfCandies.swift */; };
		FC3FBE9726035C6600E9240C /* KidsWithCandiesTest.swift in Sources */ = {isa = PBXBuildFile; fileRef = FC3FBE9626035C6600E9240C /* KidsWithCandiesTest.swift */; };
		FC3FBE9C2603649B00E9240C /* 258-AddDigits.swift in Sources */ = {isa = PBXBuildFile; fileRef = FC3FBE9B2603649B00E9240C /* 258-AddDigits.swift */; };
		FC4297D226357498003879E9 /* 897-increasing-order-search-tree.swift in Sources */ = {isa = PBXBuildFile; fileRef = FC4297D126357498003879E9 /* 897-increasing-order-search-tree.swift */; };
		FC513097261C3ADF008A3B47 /* 80-RemoveDuplicatesFromSortedArray2.swift in Sources */ = {isa = PBXBuildFile; fileRef = FC513096261C3ADF008A3B47 /* 80-RemoveDuplicatesFromSortedArray2.swift */; };
		FC5130A2261DEF4C008A3B47 /* 33-SearchInRotatedSortedArray.swift in Sources */ = {isa = PBXBuildFile; fileRef = FC5130A1261DEF4C008A3B47 /* 33-SearchInRotatedSortedArray.swift */; };
		FC5130A7261E00F4008A3B47 /* 81-SearchInRotatedSortedArray2.swift in Sources */ = {isa = PBXBuildFile; fileRef = FC5130A6261E00F4008A3B47 /* 81-SearchInRotatedSortedArray2.swift */; };
		FC5275DF2608A10800712B60 /* 232-ImplementQueueUsingStacks.swift in Sources */ = {isa = PBXBuildFile; fileRef = FC5275DE2608A10800712B60 /* 232-ImplementQueueUsingStacks.swift */; };
		FC645B4C2619A14100A3E5BE /* 781-RabbitsInForest.swift in Sources */ = {isa = PBXBuildFile; fileRef = FC645B4B2619A14100A3E5BE /* 781-RabbitsInForest.swift */; };
		FC70603C2603360000AEE91D /* 771-JewelsAndStones.swift in Sources */ = {isa = PBXBuildFile; fileRef = FC70603B2603360000AEE91D /* 771-JewelsAndStones.swift */; };
		FC706041260339AB00AEE91D /* JewelsAndStonesTest.swift in Sources */ = {isa = PBXBuildFile; fileRef = FC706040260339AB00AEE91D /* JewelsAndStonesTest.swift */; };
		FC7240DB261F494B002D8AC1 /* 153-FindMinimuminRotatedSortedArray.swift in Sources */ = {isa = PBXBuildFile; fileRef = FC7240DA261F494B002D8AC1 /* 153-FindMinimuminRotatedSortedArray.swift */; };
		FC7AF7F22621534900C128E5 /* 263-UglyNumber.swift in Sources */ = {isa = PBXBuildFile; fileRef = FC7AF7F12621534900C128E5 /* 263-UglyNumber.swift */; };
		FC7AF7FE2621591C00C128E5 /* 154-ind-minimum-in-rotated-sorted-array-ii.swift in Sources */ = {isa = PBXBuildFile; fileRef = FC7AF7FD2621591C00C128E5 /* 154-ind-minimum-in-rotated-sorted-array-ii.swift */; };
		FC7AF8062623050800C128E5 /* 264-UglyNumber2.swift in Sources */ = {isa = PBXBuildFile; fileRef = FC7AF8052623050800C128E5 /* 264-UglyNumber2.swift */; };
		FC7AF80B2625919200C128E5 /* 783-minimum-distance-between-bst-nodes.swift in Sources */ = {isa = PBXBuildFile; fileRef = FC7AF80A2625919200C128E5 /* 783-minimum-distance-between-bst-nodes.swift */; };
		FC8B1CB9262AFAB100E4AAD0 /* 220-contains-duplicate-iii.swift in Sources */ = {isa = PBXBuildFile; fileRef = FC8B1CB8262AFAB100E4AAD0 /* 220-contains-duplicate-iii.swift */; };
		FC8B1CBE262C56B300E4AAD0 /* 26-remove-duplicates-from-sorted-array.swift in Sources */ = {isa = PBXBuildFile; fileRef = FC8B1CBD262C56B300E4AAD0 /* 26-remove-duplicates-from-sorted-array.swift */; };
		FC980AEE26022F0E00645C0B /* 58-LCOF.swift in Sources */ = {isa = PBXBuildFile; fileRef = FC980AED26022F0E00645C0B /* 58-LCOF.swift */; };
		FC980AF62602314400645C0B /* LCOFTest.swift in Sources */ = {isa = PBXBuildFile; fileRef = FC980AF52602314400645C0B /* LCOFTest.swift */; };
		FC9DF91F2618A33900CD0E8A /* 1143-LongestCommonSubsequence .swift in Sources */ = {isa = PBXBuildFile; fileRef = FC9DF91E2618A33900CD0E8A /* 1143-LongestCommonSubsequence .swift */; };
		FC9FBB60260A10DC00D00894 /* 169-MajorityElement.swift in Sources */ = {isa = PBXBuildFile; fileRef = FC9FBB5F260A10DC00D00894 /* 169-MajorityElement.swift */; };
		FCA992A9260B1FF10037B653 /* 456-132Pattern.swift in Sources */ = {isa = PBXBuildFile; fileRef = FCA992A8260B1FF10037B653 /* 456-132Pattern.swift */; };
		FCA992AE260C7BF00037B653 /* 82-RemoveDuplicatesFromSortedList2.swift in Sources */ = {isa = PBXBuildFile; fileRef = FCA992AD260C7BF00037B653 /* 82-RemoveDuplicatesFromSortedList2.swift */; };
		FCA992B3260DA6BB0037B653 /* 83-RemoveDuplicatesFromSortedList.swift in Sources */ = {isa = PBXBuildFile; fileRef = FCA992B2260DA6BB0037B653 /* 83-RemoveDuplicatesFromSortedList.swift */; };
		FCA992B8260F79CB0037B653 /* 61-RotateList.swift in Sources */ = {isa = PBXBuildFile; fileRef = FCA992B7260F79CB0037B653 /* 61-RotateList.swift */; };
		FCA992BD260F8E160037B653 /* 22-LCOF.swift in Sources */ = {isa = PBXBuildFile; fileRef = FCA992BC260F8E160037B653 /* 22-LCOF.swift */; };
		FCA992C22610DC920037B653 /* 32-PrintBinaryTree.swift in Sources */ = {isa = PBXBuildFile; fileRef = FCA992C12610DC920037B653 /* 32-PrintBinaryTree.swift */; };
		FCA992C72610E01C0037B653 /* ex-0201RemoveDuplicateNode.swift in Sources */ = {isa = PBXBuildFile; fileRef = FCA992C62610E01C0037B653 /* ex-0201RemoveDuplicateNode.swift */; };
		FCA992CC2611DFB30037B653 /* 190-ReverseBits.swift in Sources */ = {isa = PBXBuildFile; fileRef = FCA992CB2611DFB30037B653 /* 190-ReverseBits.swift */; };
		FCA992D12611E3A10037B653 /* 17-QuickCalculate.swift in Sources */ = {isa = PBXBuildFile; fileRef = FCA992D02611E3A10037B653 /* 17-QuickCalculate.swift */; };
		FCA992D62611F41D0037B653 /* 257-BinaryTreePaths.swift in Sources */ = {isa = PBXBuildFile; fileRef = FCA992D52611F41D0037B653 /* 257-BinaryTreePaths.swift */; };
		FCA992DB261345340037B653 /* 74-SearchA2DMatrix.swift in Sources */ = {isa = PBXBuildFile; fileRef = FCA992DA261345340037B653 /* 74-SearchA2DMatrix.swift */; };
		FCA992E026146AE20037B653 /* 78-Subsets.swift in Sources */ = {isa = PBXBuildFile; fileRef = FCA992DF26146AE20037B653 /* 78-Subsets.swift */; };
		FCA992E8261566DC0037B653 /* 1006-ClumsyFactorial.swift in Sources */ = {isa = PBXBuildFile; fileRef = FCA992E7261566DC0037B653 /* 1006-ClumsyFactorial.swift */; };
		FCA992ED26156B530037B653 /* 971-FlipBinaryTree.swift in Sources */ = {isa = PBXBuildFile; fileRef = FCA992EC26156B530037B653 /* 971-FlipBinaryTree.swift */; };
		FCB4068C26302DD00002240E /* 91-decode-ways.swift in Sources */ = {isa = PBXBuildFile; fileRef = FCB4068B26302DD00002240E /* 91-decode-ways.swift */; };
		FCB40691263169290002240E /* 304-RangeSumQuery2dImmutable.swift in Sources */ = {isa = PBXBuildFile; fileRef = FCB40690263169290002240E /* 304-RangeSumQuery2dImmutable.swift */; };
		FCB406962632A1600002240E /* 368-largest-divisible-subset.swift in Sources */ = {isa = PBXBuildFile; fileRef = FCB406952632A15F0002240E /* 368-largest-divisible-subset.swift */; };
		FCC1B2A426079E8A0050FA03 /* 821-ShortestDistanceToACharacter.swift in Sources */ = {isa = PBXBuildFile; fileRef = FCC1B2A326079E8A0050FA03 /* 821-ShortestDistanceToACharacter.swift */; };
		FCF9DAEF2604AAAB0035DC4D /* ex-ZeroOnePackage.swift in Sources */ = {isa = PBXBuildFile; fileRef = FCF9DAEE2604AAAB0035DC4D /* ex-ZeroOnePackage.swift */; };
		FCF9DAFA2604DD910035DC4D /* 309-BestTimeToBuy.swift in Sources */ = {isa = PBXBuildFile; fileRef = FCF9DAF92604DD910035DC4D /* 309-BestTimeToBuy.swift */; };
		FCF9DAFF260625F10035DC4D /* 637.-AverageOfLevelsInBinaryTree.swift in Sources */ = {isa = PBXBuildFile; fileRef = FCF9DAFE260625F10035DC4D /* 637.-AverageOfLevelsInBinaryTree.swift */; };
/* End PBXBuildFile section */

/* Begin PBXContainerItemProxy section */
		FC3AE3A325FFA649008D5022 /* PBXContainerItemProxy */ = {
			isa = PBXContainerItemProxy;
			containerPortal = FC3AE38425FFA647008D5022 /* Project object */;
			proxyType = 1;
			remoteGlobalIDString = FC3AE38B25FFA647008D5022;
			remoteInfo = SwiftLeecode;
		};
		FC3AE3AE25FFA649008D5022 /* PBXContainerItemProxy */ = {
			isa = PBXContainerItemProxy;
			containerPortal = FC3AE38425FFA647008D5022 /* Project object */;
			proxyType = 1;
			remoteGlobalIDString = FC3AE38B25FFA647008D5022;
			remoteInfo = SwiftLeecode;
		};
/* End PBXContainerItemProxy section */

/* Begin PBXFileReference section */
		FC3AE38C25FFA647008D5022 /* SwiftLeecode.app */ = {isa = PBXFileReference; explicitFileType = wrapper.application; includeInIndex = 0; path = SwiftLeecode.app; sourceTree = BUILT_PRODUCTS_DIR; };
		FC3AE38F25FFA648008D5022 /* AppDelegate.swift */ = {isa = PBXFileReference; lastKnownFileType = sourcecode.swift; path = AppDelegate.swift; sourceTree = "<group>"; };
		FC3AE39125FFA648008D5022 /* SceneDelegate.swift */ = {isa = PBXFileReference; lastKnownFileType = sourcecode.swift; path = SceneDelegate.swift; sourceTree = "<group>"; };
		FC3AE39325FFA648008D5022 /* ViewController.swift */ = {isa = PBXFileReference; lastKnownFileType = sourcecode.swift; path = ViewController.swift; sourceTree = "<group>"; };
		FC3AE39625FFA648008D5022 /* Base */ = {isa = PBXFileReference; lastKnownFileType = file.storyboard; name = Base; path = Base.lproj/Main.storyboard; sourceTree = "<group>"; };
		FC3AE39825FFA648008D5022 /* Assets.xcassets */ = {isa = PBXFileReference; lastKnownFileType = folder.assetcatalog; path = Assets.xcassets; sourceTree = "<group>"; };
		FC3AE39B25FFA648008D5022 /* Base */ = {isa = PBXFileReference; lastKnownFileType = file.storyboard; name = Base; path = Base.lproj/LaunchScreen.storyboard; sourceTree = "<group>"; };
		FC3AE39D25FFA648008D5022 /* Info.plist */ = {isa = PBXFileReference; lastKnownFileType = text.plist.xml; path = Info.plist; sourceTree = "<group>"; };
		FC3AE3A225FFA649008D5022 /* SwiftLeecodeTests.xctest */ = {isa = PBXFileReference; explicitFileType = wrapper.cfbundle; includeInIndex = 0; path = SwiftLeecodeTests.xctest; sourceTree = BUILT_PRODUCTS_DIR; };
		FC3AE3A625FFA649008D5022 /* SwiftLeecodeTests.swift */ = {isa = PBXFileReference; lastKnownFileType = sourcecode.swift; path = SwiftLeecodeTests.swift; sourceTree = "<group>"; };
		FC3AE3A825FFA649008D5022 /* Info.plist */ = {isa = PBXFileReference; lastKnownFileType = text.plist.xml; path = Info.plist; sourceTree = "<group>"; };
		FC3AE3AD25FFA649008D5022 /* SwiftLeecodeUITests.xctest */ = {isa = PBXFileReference; explicitFileType = wrapper.cfbundle; includeInIndex = 0; path = SwiftLeecodeUITests.xctest; sourceTree = BUILT_PRODUCTS_DIR; };
		FC3AE3B125FFA649008D5022 /* SwiftLeecodeUITests.swift */ = {isa = PBXFileReference; lastKnownFileType = sourcecode.swift; path = SwiftLeecodeUITests.swift; sourceTree = "<group>"; };
		FC3AE3B325FFA649008D5022 /* Info.plist */ = {isa = PBXFileReference; lastKnownFileType = text.plist.xml; path = Info.plist; sourceTree = "<group>"; };
		FC3AE3C325FFA673008D5022 /* 1-TwoNumber.swift */ = {isa = PBXFileReference; lastKnownFileType = sourcecode.swift; path = "1-TwoNumber.swift"; sourceTree = "<group>"; };
		FC3AE3D12600DDC6008D5022 /* 1480-RunningSumOf1dArray.swift */ = {isa = PBXFileReference; lastKnownFileType = sourcecode.swift; path = "1480-RunningSumOf1dArray.swift"; sourceTree = "<group>"; };
		FC3AE3D62600E0E5008D5022 /* RunningSumTest.swift */ = {isa = PBXFileReference; lastKnownFileType = sourcecode.swift; path = RunningSumTest.swift; sourceTree = "<group>"; };
		FC3FBE9126034FD600E9240C /* 1431-KidsWithTheGreatestNumberOfCandies.swift */ = {isa = PBXFileReference; lastKnownFileType = sourcecode.swift; path = "1431-KidsWithTheGreatestNumberOfCandies.swift"; sourceTree = "<group>"; };
		FC3FBE9626035C6600E9240C /* KidsWithCandiesTest.swift */ = {isa = PBXFileReference; lastKnownFileType = sourcecode.swift; path = KidsWithCandiesTest.swift; sourceTree = "<group>"; };
		FC3FBE9B2603649B00E9240C /* 258-AddDigits.swift */ = {isa = PBXFileReference; lastKnownFileType = sourcecode.swift; path = "258-AddDigits.swift"; sourceTree = "<group>"; };
		FC4297D126357498003879E9 /* 897-increasing-order-search-tree.swift */ = {isa = PBXFileReference; lastKnownFileType = sourcecode.swift; path = "897-increasing-order-search-tree.swift"; sourceTree = "<group>"; };
		FC513096261C3ADF008A3B47 /* 80-RemoveDuplicatesFromSortedArray2.swift */ = {isa = PBXFileReference; lastKnownFileType = sourcecode.swift; path = "80-RemoveDuplicatesFromSortedArray2.swift"; sourceTree = "<group>"; };
		FC5130A1261DEF4C008A3B47 /* 33-SearchInRotatedSortedArray.swift */ = {isa = PBXFileReference; lastKnownFileType = sourcecode.swift; path = "33-SearchInRotatedSortedArray.swift"; sourceTree = "<group>"; };
		FC5130A6261E00F4008A3B47 /* 81-SearchInRotatedSortedArray2.swift */ = {isa = PBXFileReference; lastKnownFileType = sourcecode.swift; path = "81-SearchInRotatedSortedArray2.swift"; sourceTree = "<group>"; };
		FC5275DE2608A10800712B60 /* 232-ImplementQueueUsingStacks.swift */ = {isa = PBXFileReference; lastKnownFileType = sourcecode.swift; path = "232-ImplementQueueUsingStacks.swift"; sourceTree = "<group>"; };
		FC645B4B2619A14100A3E5BE /* 781-RabbitsInForest.swift */ = {isa = PBXFileReference; lastKnownFileType = sourcecode.swift; path = "781-RabbitsInForest.swift"; sourceTree = "<group>"; };
		FC70603B2603360000AEE91D /* 771-JewelsAndStones.swift */ = {isa = PBXFileReference; lastKnownFileType = sourcecode.swift; path = "771-JewelsAndStones.swift"; sourceTree = "<group>"; };
		FC706040260339AB00AEE91D /* JewelsAndStonesTest.swift */ = {isa = PBXFileReference; lastKnownFileType = sourcecode.swift; path = JewelsAndStonesTest.swift; sourceTree = "<group>"; };
		FC7240DA261F494B002D8AC1 /* 153-FindMinimuminRotatedSortedArray.swift */ = {isa = PBXFileReference; lastKnownFileType = sourcecode.swift; path = "153-FindMinimuminRotatedSortedArray.swift"; sourceTree = "<group>"; };
		FC7AF7F12621534900C128E5 /* 263-UglyNumber.swift */ = {isa = PBXFileReference; lastKnownFileType = sourcecode.swift; path = "263-UglyNumber.swift"; sourceTree = "<group>"; };
		FC7AF7FD2621591C00C128E5 /* 154-ind-minimum-in-rotated-sorted-array-ii.swift */ = {isa = PBXFileReference; lastKnownFileType = sourcecode.swift; path = "154-ind-minimum-in-rotated-sorted-array-ii.swift"; sourceTree = "<group>"; };
		FC7AF8052623050800C128E5 /* 264-UglyNumber2.swift */ = {isa = PBXFileReference; lastKnownFileType = sourcecode.swift; path = "264-UglyNumber2.swift"; sourceTree = "<group>"; };
		FC7AF80A2625919200C128E5 /* 783-minimum-distance-between-bst-nodes.swift */ = {isa = PBXFileReference; lastKnownFileType = sourcecode.swift; path = "783-minimum-distance-between-bst-nodes.swift"; sourceTree = "<group>"; };
		FC8B1CB8262AFAB100E4AAD0 /* 220-contains-duplicate-iii.swift */ = {isa = PBXFileReference; lastKnownFileType = sourcecode.swift; path = "220-contains-duplicate-iii.swift"; sourceTree = "<group>"; };
		FC8B1CBD262C56B300E4AAD0 /* 26-remove-duplicates-from-sorted-array.swift */ = {isa = PBXFileReference; lastKnownFileType = sourcecode.swift; path = "26-remove-duplicates-from-sorted-array.swift"; sourceTree = "<group>"; };
		FC980AED26022F0E00645C0B /* 58-LCOF.swift */ = {isa = PBXFileReference; lastKnownFileType = sourcecode.swift; path = "58-LCOF.swift"; sourceTree = "<group>"; };
		FC980AF52602314400645C0B /* LCOFTest.swift */ = {isa = PBXFileReference; lastKnownFileType = sourcecode.swift; path = LCOFTest.swift; sourceTree = "<group>"; };
		FC9DF91E2618A33900CD0E8A /* 1143-LongestCommonSubsequence .swift */ = {isa = PBXFileReference; lastKnownFileType = sourcecode.swift; path = "1143-LongestCommonSubsequence .swift"; sourceTree = "<group>"; };
		FC9FBB5F260A10DC00D00894 /* 169-MajorityElement.swift */ = {isa = PBXFileReference; lastKnownFileType = sourcecode.swift; path = "169-MajorityElement.swift"; sourceTree = "<group>"; };
		FCA992A8260B1FF10037B653 /* 456-132Pattern.swift */ = {isa = PBXFileReference; lastKnownFileType = sourcecode.swift; path = "456-132Pattern.swift"; sourceTree = "<group>"; };
		FCA992AD260C7BF00037B653 /* 82-RemoveDuplicatesFromSortedList2.swift */ = {isa = PBXFileReference; lastKnownFileType = sourcecode.swift; path = "82-RemoveDuplicatesFromSortedList2.swift"; sourceTree = "<group>"; };
		FCA992B2260DA6BB0037B653 /* 83-RemoveDuplicatesFromSortedList.swift */ = {isa = PBXFileReference; lastKnownFileType = sourcecode.swift; path = "83-RemoveDuplicatesFromSortedList.swift"; sourceTree = "<group>"; };
		FCA992B7260F79CB0037B653 /* 61-RotateList.swift */ = {isa = PBXFileReference; lastKnownFileType = sourcecode.swift; path = "61-RotateList.swift"; sourceTree = "<group>"; };
		FCA992BC260F8E160037B653 /* 22-LCOF.swift */ = {isa = PBXFileReference; lastKnownFileType = sourcecode.swift; path = "22-LCOF.swift"; sourceTree = "<group>"; };
		FCA992C12610DC920037B653 /* 32-PrintBinaryTree.swift */ = {isa = PBXFileReference; lastKnownFileType = sourcecode.swift; path = "32-PrintBinaryTree.swift"; sourceTree = "<group>"; };
		FCA992C62610E01C0037B653 /* ex-0201RemoveDuplicateNode.swift */ = {isa = PBXFileReference; lastKnownFileType = sourcecode.swift; path = "ex-0201RemoveDuplicateNode.swift"; sourceTree = "<group>"; };
		FCA992CB2611DFB30037B653 /* 190-ReverseBits.swift */ = {isa = PBXFileReference; lastKnownFileType = sourcecode.swift; path = "190-ReverseBits.swift"; sourceTree = "<group>"; };
		FCA992D02611E3A10037B653 /* 17-QuickCalculate.swift */ = {isa = PBXFileReference; lastKnownFileType = sourcecode.swift; path = "17-QuickCalculate.swift"; sourceTree = "<group>"; };
		FCA992D52611F41D0037B653 /* 257-BinaryTreePaths.swift */ = {isa = PBXFileReference; lastKnownFileType = sourcecode.swift; path = "257-BinaryTreePaths.swift"; sourceTree = "<group>"; };
		FCA992DA261345340037B653 /* 74-SearchA2DMatrix.swift */ = {isa = PBXFileReference; lastKnownFileType = sourcecode.swift; path = "74-SearchA2DMatrix.swift"; sourceTree = "<group>"; };
		FCA992DF26146AE20037B653 /* 78-Subsets.swift */ = {isa = PBXFileReference; lastKnownFileType = sourcecode.swift; path = "78-Subsets.swift"; sourceTree = "<group>"; };
		FCA992E7261566DC0037B653 /* 1006-ClumsyFactorial.swift */ = {isa = PBXFileReference; lastKnownFileType = sourcecode.swift; path = "1006-ClumsyFactorial.swift"; sourceTree = "<group>"; };
		FCA992EC26156B530037B653 /* 971-FlipBinaryTree.swift */ = {isa = PBXFileReference; lastKnownFileType = sourcecode.swift; path = "971-FlipBinaryTree.swift"; sourceTree = "<group>"; };
		FCB4068B26302DD00002240E /* 91-decode-ways.swift */ = {isa = PBXFileReference; lastKnownFileType = sourcecode.swift; path = "91-decode-ways.swift"; sourceTree = "<group>"; };
		FCB40690263169290002240E /* 304-RangeSumQuery2dImmutable.swift */ = {isa = PBXFileReference; lastKnownFileType = sourcecode.swift; path = "304-RangeSumQuery2dImmutable.swift"; sourceTree = "<group>"; };
		FCB406952632A15F0002240E /* 368-largest-divisible-subset.swift */ = {isa = PBXFileReference; lastKnownFileType = sourcecode.swift; path = "368-largest-divisible-subset.swift"; sourceTree = "<group>"; };
		FCC1B2A326079E8A0050FA03 /* 821-ShortestDistanceToACharacter.swift */ = {isa = PBXFileReference; lastKnownFileType = sourcecode.swift; path = "821-ShortestDistanceToACharacter.swift"; sourceTree = "<group>"; };
		FCF9DAEE2604AAAB0035DC4D /* ex-ZeroOnePackage.swift */ = {isa = PBXFileReference; lastKnownFileType = sourcecode.swift; path = "ex-ZeroOnePackage.swift"; sourceTree = "<group>"; };
		FCF9DAF92604DD910035DC4D /* 309-BestTimeToBuy.swift */ = {isa = PBXFileReference; lastKnownFileType = sourcecode.swift; path = "309-BestTimeToBuy.swift"; sourceTree = "<group>"; };
		FCF9DAFE260625F10035DC4D /* 637.-AverageOfLevelsInBinaryTree.swift */ = {isa = PBXFileReference; lastKnownFileType = sourcecode.swift; path = "637.-AverageOfLevelsInBinaryTree.swift"; sourceTree = "<group>"; };
/* End PBXFileReference section */

/* Begin PBXFrameworksBuildPhase section */
		FC3AE38925FFA647008D5022 /* Frameworks */ = {
			isa = PBXFrameworksBuildPhase;
			buildActionMask = 2147483647;
			files = (
			);
			runOnlyForDeploymentPostprocessing = 0;
		};
		FC3AE39F25FFA649008D5022 /* Frameworks */ = {
			isa = PBXFrameworksBuildPhase;
			buildActionMask = 2147483647;
			files = (
			);
			runOnlyForDeploymentPostprocessing = 0;
		};
		FC3AE3AA25FFA649008D5022 /* Frameworks */ = {
			isa = PBXFrameworksBuildPhase;
			buildActionMask = 2147483647;
			files = (
			);
			runOnlyForDeploymentPostprocessing = 0;
		};
/* End PBXFrameworksBuildPhase section */

/* Begin PBXGroup section */
		FC3AE38325FFA647008D5022 = {
			isa = PBXGroup;
			children = (
				FC3AE38E25FFA648008D5022 /* SwiftLeecode */,
				FC3AE3A525FFA649008D5022 /* SwiftLeecodeTests */,
				FC3AE3B025FFA649008D5022 /* SwiftLeecodeUITests */,
				FC3AE38D25FFA647008D5022 /* Products */,
			);
			sourceTree = "<group>";
		};
		FC3AE38D25FFA647008D5022 /* Products */ = {
			isa = PBXGroup;
			children = (
				FC3AE38C25FFA647008D5022 /* SwiftLeecode.app */,
				FC3AE3A225FFA649008D5022 /* SwiftLeecodeTests.xctest */,
				FC3AE3AD25FFA649008D5022 /* SwiftLeecodeUITests.xctest */,
			);
			name = Products;
			sourceTree = "<group>";
		};
		FC3AE38E25FFA648008D5022 /* SwiftLeecode */ = {
			isa = PBXGroup;
			children = (
				FC7AF7FC2621590300C128E5 /* 困难 */,
				FCF9DAED2604AA9F0035DC4D /* 中等 */,
				FC3AE3C225FFA658008D5022 /* 简单 */,
				FC3AE38F25FFA648008D5022 /* AppDelegate.swift */,
				FC3AE39125FFA648008D5022 /* SceneDelegate.swift */,
				FC3AE39325FFA648008D5022 /* ViewController.swift */,
				FC3AE39525FFA648008D5022 /* Main.storyboard */,
				FC3AE39825FFA648008D5022 /* Assets.xcassets */,
				FC3AE39A25FFA648008D5022 /* LaunchScreen.storyboard */,
				FC3AE39D25FFA648008D5022 /* Info.plist */,
			);
			path = SwiftLeecode;
			sourceTree = "<group>";
		};
		FC3AE3A525FFA649008D5022 /* SwiftLeecodeTests */ = {
			isa = PBXGroup;
			children = (
				FC3AE3A625FFA649008D5022 /* SwiftLeecodeTests.swift */,
				FC706040260339AB00AEE91D /* JewelsAndStonesTest.swift */,
				FC3AE3D62600E0E5008D5022 /* RunningSumTest.swift */,
				FC980AF52602314400645C0B /* LCOFTest.swift */,
				FC3FBE9626035C6600E9240C /* KidsWithCandiesTest.swift */,
				FC3AE3A825FFA649008D5022 /* Info.plist */,
			);
			path = SwiftLeecodeTests;
			sourceTree = "<group>";
		};
		FC3AE3B025FFA649008D5022 /* SwiftLeecodeUITests */ = {
			isa = PBXGroup;
			children = (
				FC3AE3B125FFA649008D5022 /* SwiftLeecodeUITests.swift */,
				FC3AE3B325FFA649008D5022 /* Info.plist */,
			);
			path = SwiftLeecodeUITests;
			sourceTree = "<group>";
		};
		FC3AE3C225FFA658008D5022 /* 简单 */ = {
			isa = PBXGroup;
			children = (
				FC3AE3C325FFA673008D5022 /* 1-TwoNumber.swift */,
				FCA992D02611E3A10037B653 /* 17-QuickCalculate.swift */,
				FCA992BC260F8E160037B653 /* 22-LCOF.swift */,
				FC8B1CBD262C56B300E4AAD0 /* 26-remove-duplicates-from-sorted-array.swift */,
				FCA992C12610DC920037B653 /* 32-PrintBinaryTree.swift */,
				FC980AED26022F0E00645C0B /* 58-LCOF.swift */,
				FC9FBB5F260A10DC00D00894 /* 169-MajorityElement.swift */,
				FC5275DE2608A10800712B60 /* 232-ImplementQueueUsingStacks.swift */,
				FCA992D52611F41D0037B653 /* 257-BinaryTreePaths.swift */,
				FC3FBE9B2603649B00E9240C /* 258-AddDigits.swift */,
				FC7AF7F12621534900C128E5 /* 263-UglyNumber.swift */,
				FCF9DAFE260625F10035DC4D /* 637.-AverageOfLevelsInBinaryTree.swift */,
				FC70603B2603360000AEE91D /* 771-JewelsAndStones.swift */,
				FC7AF80A2625919200C128E5 /* 783-minimum-distance-between-bst-nodes.swift */,
				FCC1B2A326079E8A0050FA03 /* 821-ShortestDistanceToACharacter.swift */,
				FC3FBE9126034FD600E9240C /* 1431-KidsWithTheGreatestNumberOfCandies.swift */,
				FC3AE3D12600DDC6008D5022 /* 1480-RunningSumOf1dArray.swift */,
				FCA992C62610E01C0037B653 /* ex-0201RemoveDuplicateNode.swift */,
			);
			path = "简单";
			sourceTree = "<group>";
		};
		FC7AF7FC2621590300C128E5 /* 困难 */ = {
			isa = PBXGroup;
			children = (
				FC7AF7FD2621591C00C128E5 /* 154-ind-minimum-in-rotated-sorted-array-ii.swift */,
			);
			path = "困难";
			sourceTree = "<group>";
		};
		FCF9DAED2604AA9F0035DC4D /* 中等 */ = {
			isa = PBXGroup;
			children = (
				FC5130A1261DEF4C008A3B47 /* 33-SearchInRotatedSortedArray.swift */,
				FCA992B7260F79CB0037B653 /* 61-RotateList.swift */,
				FCA992DA261345340037B653 /* 74-SearchA2DMatrix.swift */,
				FCA992DF26146AE20037B653 /* 78-Subsets.swift */,
				FC513096261C3ADF008A3B47 /* 80-RemoveDuplicatesFromSortedArray2.swift */,
				FC5130A6261E00F4008A3B47 /* 81-SearchInRotatedSortedArray2.swift */,
				FCA992AD260C7BF00037B653 /* 82-RemoveDuplicatesFromSortedList2.swift */,
				FCA992B2260DA6BB0037B653 /* 83-RemoveDuplicatesFromSortedList.swift */,
				FCB4068B26302DD00002240E /* 91-decode-ways.swift */,
				FC7240DA261F494B002D8AC1 /* 153-FindMinimuminRotatedSortedArray.swift */,
				FCA992CB2611DFB30037B653 /* 190-ReverseBits.swift */,
				FC8B1CB8262AFAB100E4AAD0 /* 220-contains-duplicate-iii.swift */,
				FC7AF8052623050800C128E5 /* 264-UglyNumber2.swift */,
				FCB40690263169290002240E /* 304-RangeSumQuery2dImmutable.swift */,
				FCF9DAF92604DD910035DC4D /* 309-BestTimeToBuy.swift */,
				FCB406952632A15F0002240E /* 368-largest-divisible-subset.swift */,
				FCA992A8260B1FF10037B653 /* 456-132Pattern.swift */,
				FC645B4B2619A14100A3E5BE /* 781-RabbitsInForest.swift */,
				FC4297D126357498003879E9 /* 897-increasing-order-search-tree.swift */,
				FCA992EC26156B530037B653 /* 971-FlipBinaryTree.swift */,
				FCA992E7261566DC0037B653 /* 1006-ClumsyFactorial.swift */,
				FC9DF91E2618A33900CD0E8A /* 1143-LongestCommonSubsequence .swift */,
				FCF9DAEE2604AAAB0035DC4D /* ex-ZeroOnePackage.swift */,
			);
			path = "中等";
			sourceTree = "<group>";
		};
/* End PBXGroup section */

/* Begin PBXNativeTarget section */
		FC3AE38B25FFA647008D5022 /* SwiftLeecode */ = {
			isa = PBXNativeTarget;
			buildConfigurationList = FC3AE3B625FFA649008D5022 /* Build configuration list for PBXNativeTarget "SwiftLeecode" */;
			buildPhases = (
				FC3AE38825FFA647008D5022 /* Sources */,
				FC3AE38925FFA647008D5022 /* Frameworks */,
				FC3AE38A25FFA647008D5022 /* Resources */,
			);
			buildRules = (
			);
			dependencies = (
			);
			name = SwiftLeecode;
			productName = SwiftLeecode;
			productReference = FC3AE38C25FFA647008D5022 /* SwiftLeecode.app */;
			productType = "com.apple.product-type.application";
		};
		FC3AE3A125FFA649008D5022 /* SwiftLeecodeTests */ = {
			isa = PBXNativeTarget;
			buildConfigurationList = FC3AE3B925FFA649008D5022 /* Build configuration list for PBXNativeTarget "SwiftLeecodeTests" */;
			buildPhases = (
				FC3AE39E25FFA649008D5022 /* Sources */,
				FC3AE39F25FFA649008D5022 /* Frameworks */,
				FC3AE3A025FFA649008D5022 /* Resources */,
			);
			buildRules = (
			);
			dependencies = (
				FC3AE3A425FFA649008D5022 /* PBXTargetDependency */,
			);
			name = SwiftLeecodeTests;
			productName = SwiftLeecodeTests;
			productReference = FC3AE3A225FFA649008D5022 /* SwiftLeecodeTests.xctest */;
			productType = "com.apple.product-type.bundle.unit-test";
		};
		FC3AE3AC25FFA649008D5022 /* SwiftLeecodeUITests */ = {
			isa = PBXNativeTarget;
			buildConfigurationList = FC3AE3BC25FFA649008D5022 /* Build configuration list for PBXNativeTarget "SwiftLeecodeUITests" */;
			buildPhases = (
				FC3AE3A925FFA649008D5022 /* Sources */,
				FC3AE3AA25FFA649008D5022 /* Frameworks */,
				FC3AE3AB25FFA649008D5022 /* Resources */,
			);
			buildRules = (
			);
			dependencies = (
				FC3AE3AF25FFA649008D5022 /* PBXTargetDependency */,
			);
			name = SwiftLeecodeUITests;
			productName = SwiftLeecodeUITests;
			productReference = FC3AE3AD25FFA649008D5022 /* SwiftLeecodeUITests.xctest */;
			productType = "com.apple.product-type.bundle.ui-testing";
		};
/* End PBXNativeTarget section */

/* Begin PBXProject section */
		FC3AE38425FFA647008D5022 /* Project object */ = {
			isa = PBXProject;
			attributes = {
				LastSwiftUpdateCheck = 1240;
				LastUpgradeCheck = 1240;
				TargetAttributes = {
					FC3AE38B25FFA647008D5022 = {
						CreatedOnToolsVersion = 12.4;
					};
					FC3AE3A125FFA649008D5022 = {
						CreatedOnToolsVersion = 12.4;
						TestTargetID = FC3AE38B25FFA647008D5022;
					};
					FC3AE3AC25FFA649008D5022 = {
						CreatedOnToolsVersion = 12.4;
						TestTargetID = FC3AE38B25FFA647008D5022;
					};
				};
			};
			buildConfigurationList = FC3AE38725FFA647008D5022 /* Build configuration list for PBXProject "SwiftLeecode" */;
			compatibilityVersion = "Xcode 9.3";
			developmentRegion = en;
			hasScannedForEncodings = 0;
			knownRegions = (
				en,
				Base,
			);
			mainGroup = FC3AE38325FFA647008D5022;
			productRefGroup = FC3AE38D25FFA647008D5022 /* Products */;
			projectDirPath = "";
			projectRoot = "";
			targets = (
				FC3AE38B25FFA647008D5022 /* SwiftLeecode */,
				FC3AE3A125FFA649008D5022 /* SwiftLeecodeTests */,
				FC3AE3AC25FFA649008D5022 /* SwiftLeecodeUITests */,
			);
		};
/* End PBXProject section */

/* Begin PBXResourcesBuildPhase section */
		FC3AE38A25FFA647008D5022 /* Resources */ = {
			isa = PBXResourcesBuildPhase;
			buildActionMask = 2147483647;
			files = (
				FC3AE39C25FFA648008D5022 /* LaunchScreen.storyboard in Resources */,
				FC3AE39925FFA648008D5022 /* Assets.xcassets in Resources */,
				FC3AE39725FFA648008D5022 /* Main.storyboard in Resources */,
			);
			runOnlyForDeploymentPostprocessing = 0;
		};
		FC3AE3A025FFA649008D5022 /* Resources */ = {
			isa = PBXResourcesBuildPhase;
			buildActionMask = 2147483647;
			files = (
			);
			runOnlyForDeploymentPostprocessing = 0;
		};
		FC3AE3AB25FFA649008D5022 /* Resources */ = {
			isa = PBXResourcesBuildPhase;
			buildActionMask = 2147483647;
			files = (
			);
			runOnlyForDeploymentPostprocessing = 0;
		};
/* End PBXResourcesBuildPhase section */

/* Begin PBXSourcesBuildPhase section */
		FC3AE38825FFA647008D5022 /* Sources */ = {
			isa = PBXSourcesBuildPhase;
			buildActionMask = 2147483647;
			files = (
				FCB406962632A1600002240E /* 368-largest-divisible-subset.swift in Sources */,
				FCA992ED26156B530037B653 /* 971-FlipBinaryTree.swift in Sources */,
				FC9FBB60260A10DC00D00894 /* 169-MajorityElement.swift in Sources */,
				FCF9DAFA2604DD910035DC4D /* 309-BestTimeToBuy.swift in Sources */,
				FC3AE3D22600DDC6008D5022 /* 1480-RunningSumOf1dArray.swift in Sources */,
				FCA992DB261345340037B653 /* 74-SearchA2DMatrix.swift in Sources */,
				FC7AF8062623050800C128E5 /* 264-UglyNumber2.swift in Sources */,
				FC3AE39425FFA648008D5022 /* ViewController.swift in Sources */,
				FCA992CC2611DFB30037B653 /* 190-ReverseBits.swift in Sources */,
				FCA992BD260F8E160037B653 /* 22-LCOF.swift in Sources */,
				FCA992D62611F41D0037B653 /* 257-BinaryTreePaths.swift in Sources */,
				FC3FBE9226034FD600E9240C /* 1431-KidsWithTheGreatestNumberOfCandies.swift in Sources */,
				FCA992B3260DA6BB0037B653 /* 83-RemoveDuplicatesFromSortedList.swift in Sources */,
				FC513097261C3ADF008A3B47 /* 80-RemoveDuplicatesFromSortedArray2.swift in Sources */,
				FCB40691263169290002240E /* 304-RangeSumQuery2dImmutable.swift in Sources */,
				FC3AE3C425FFA673008D5022 /* 1-TwoNumber.swift in Sources */,
				FC3AE39025FFA648008D5022 /* AppDelegate.swift in Sources */,
				FC3AE39225FFA648008D5022 /* SceneDelegate.swift in Sources */,
				FCA992C22610DC920037B653 /* 32-PrintBinaryTree.swift in Sources */,
				FCA992B8260F79CB0037B653 /* 61-RotateList.swift in Sources */,
				FC5130A7261E00F4008A3B47 /* 81-SearchInRotatedSortedArray2.swift in Sources */,
				FCA992AE260C7BF00037B653 /* 82-RemoveDuplicatesFromSortedList2.swift in Sources */,
				FC7AF80B2625919200C128E5 /* 783-minimum-distance-between-bst-nodes.swift in Sources */,
				FC9DF91F2618A33900CD0E8A /* 1143-LongestCommonSubsequence .swift in Sources */,
				FC8B1CBE262C56B300E4AAD0 /* 26-remove-duplicates-from-sorted-array.swift in Sources */,
				FC4297D226357498003879E9 /* 897-increasing-order-search-tree.swift in Sources */,
				FC5130A2261DEF4C008A3B47 /* 33-SearchInRotatedSortedArray.swift in Sources */,
				FC7AF7F22621534900C128E5 /* 263-UglyNumber.swift in Sources */,
				FCF9DAFF260625F10035DC4D /* 637.-AverageOfLevelsInBinaryTree.swift in Sources */,
				FC70603C2603360000AEE91D /* 771-JewelsAndStones.swift in Sources */,
				FC7AF7FE2621591C00C128E5 /* 154-ind-minimum-in-rotated-sorted-array-ii.swift in Sources */,
				FC980AEE26022F0E00645C0B /* 58-LCOF.swift in Sources */,
				FC3FBE9C2603649B00E9240C /* 258-AddDigits.swift in Sources */,
				FCA992D12611E3A10037B653 /* 17-QuickCalculate.swift in Sources */,
				FCA992E026146AE20037B653 /* 78-Subsets.swift in Sources */,
				FC5275DF2608A10800712B60 /* 232-ImplementQueueUsingStacks.swift in Sources */,
				FCA992C72610E01C0037B653 /* ex-0201RemoveDuplicateNode.swift in Sources */,
				FCC1B2A426079E8A0050FA03 /* 821-ShortestDistanceToACharacter.swift in Sources */,
				FCF9DAEF2604AAAB0035DC4D /* ex-ZeroOnePackage.swift in Sources */,
				FCA992A9260B1FF10037B653 /* 456-132Pattern.swift in Sources */,
				FCA992E8261566DC0037B653 /* 1006-ClumsyFactorial.swift in Sources */,
				FC645B4C2619A14100A3E5BE /* 781-RabbitsInForest.swift in Sources */,
				FCB4068C26302DD00002240E /* 91-decode-ways.swift in Sources */,
				FC8B1CB9262AFAB100E4AAD0 /* 220-contains-duplicate-iii.swift in Sources */,
				FC7240DB261F494B002D8AC1 /* 153-FindMinimuminRotatedSortedArray.swift in Sources */,
			);
			runOnlyForDeploymentPostprocessing = 0;
		};
		FC3AE39E25FFA649008D5022 /* Sources */ = {
			isa = PBXSourcesBuildPhase;
			buildActionMask = 2147483647;
			files = (
				FC980AF62602314400645C0B /* LCOFTest.swift in Sources */,
				FC3FBE9726035C6600E9240C /* KidsWithCandiesTest.swift in Sources */,
				FC706041260339AB00AEE91D /* JewelsAndStonesTest.swift in Sources */,
				FC3AE3A725FFA649008D5022 /* SwiftLeecodeTests.swift in Sources */,
				FC3AE3D72600E0E5008D5022 /* RunningSumTest.swift in Sources */,
			);
			runOnlyForDeploymentPostprocessing = 0;
		};
		FC3AE3A925FFA649008D5022 /* Sources */ = {
			isa = PBXSourcesBuildPhase;
			buildActionMask = 2147483647;
			files = (
				FC3AE3B225FFA649008D5022 /* SwiftLeecodeUITests.swift in Sources */,
			);
			runOnlyForDeploymentPostprocessing = 0;
		};
/* End PBXSourcesBuildPhase section */

/* Begin PBXTargetDependency section */
		FC3AE3A425FFA649008D5022 /* PBXTargetDependency */ = {
			isa = PBXTargetDependency;
			target = FC3AE38B25FFA647008D5022 /* SwiftLeecode */;
			targetProxy = FC3AE3A325FFA649008D5022 /* PBXContainerItemProxy */;
		};
		FC3AE3AF25FFA649008D5022 /* PBXTargetDependency */ = {
			isa = PBXTargetDependency;
			target = FC3AE38B25FFA647008D5022 /* SwiftLeecode */;
			targetProxy = FC3AE3AE25FFA649008D5022 /* PBXContainerItemProxy */;
		};
/* End PBXTargetDependency section */

/* Begin PBXVariantGroup section */
		FC3AE39525FFA648008D5022 /* Main.storyboard */ = {
			isa = PBXVariantGroup;
			children = (
				FC3AE39625FFA648008D5022 /* Base */,
			);
			name = Main.storyboard;
			sourceTree = "<group>";
		};
		FC3AE39A25FFA648008D5022 /* LaunchScreen.storyboard */ = {
			isa = PBXVariantGroup;
			children = (
				FC3AE39B25FFA648008D5022 /* Base */,
			);
			name = LaunchScreen.storyboard;
			sourceTree = "<group>";
		};
/* End PBXVariantGroup section */

/* Begin XCBuildConfiguration section */
		FC3AE3B425FFA649008D5022 /* Debug */ = {
			isa = XCBuildConfiguration;
			buildSettings = {
				ALWAYS_SEARCH_USER_PATHS = NO;
				CLANG_ANALYZER_NONNULL = YES;
				CLANG_ANALYZER_NUMBER_OBJECT_CONVERSION = YES_AGGRESSIVE;
				CLANG_CXX_LANGUAGE_STANDARD = "gnu++14";
				CLANG_CXX_LIBRARY = "libc++";
				CLANG_ENABLE_MODULES = YES;
				CLANG_ENABLE_OBJC_ARC = YES;
				CLANG_ENABLE_OBJC_WEAK = YES;
				CLANG_WARN_BLOCK_CAPTURE_AUTORELEASING = YES;
				CLANG_WARN_BOOL_CONVERSION = YES;
				CLANG_WARN_COMMA = YES;
				CLANG_WARN_CONSTANT_CONVERSION = YES;
				CLANG_WARN_DEPRECATED_OBJC_IMPLEMENTATIONS = YES;
				CLANG_WARN_DIRECT_OBJC_ISA_USAGE = YES_ERROR;
				CLANG_WARN_DOCUMENTATION_COMMENTS = YES;
				CLANG_WARN_EMPTY_BODY = YES;
				CLANG_WARN_ENUM_CONVERSION = YES;
				CLANG_WARN_INFINITE_RECURSION = YES;
				CLANG_WARN_INT_CONVERSION = YES;
				CLANG_WARN_NON_LITERAL_NULL_CONVERSION = YES;
				CLANG_WARN_OBJC_IMPLICIT_RETAIN_SELF = YES;
				CLANG_WARN_OBJC_LITERAL_CONVERSION = YES;
				CLANG_WARN_OBJC_ROOT_CLASS = YES_ERROR;
				CLANG_WARN_QUOTED_INCLUDE_IN_FRAMEWORK_HEADER = YES;
				CLANG_WARN_RANGE_LOOP_ANALYSIS = YES;
				CLANG_WARN_STRICT_PROTOTYPES = YES;
				CLANG_WARN_SUSPICIOUS_MOVE = YES;
				CLANG_WARN_UNGUARDED_AVAILABILITY = YES_AGGRESSIVE;
				CLANG_WARN_UNREACHABLE_CODE = YES;
				CLANG_WARN__DUPLICATE_METHOD_MATCH = YES;
				COPY_PHASE_STRIP = NO;
				DEBUG_INFORMATION_FORMAT = dwarf;
				ENABLE_STRICT_OBJC_MSGSEND = YES;
				ENABLE_TESTABILITY = YES;
				GCC_C_LANGUAGE_STANDARD = gnu11;
				GCC_DYNAMIC_NO_PIC = NO;
				GCC_NO_COMMON_BLOCKS = YES;
				GCC_OPTIMIZATION_LEVEL = 0;
				GCC_PREPROCESSOR_DEFINITIONS = (
					"DEBUG=1",
					"$(inherited)",
				);
				GCC_WARN_64_TO_32_BIT_CONVERSION = YES;
				GCC_WARN_ABOUT_RETURN_TYPE = YES_ERROR;
				GCC_WARN_UNDECLARED_SELECTOR = YES;
				GCC_WARN_UNINITIALIZED_AUTOS = YES_AGGRESSIVE;
				GCC_WARN_UNUSED_FUNCTION = YES;
				GCC_WARN_UNUSED_VARIABLE = YES;
				IPHONEOS_DEPLOYMENT_TARGET = 14.4;
				MTL_ENABLE_DEBUG_INFO = INCLUDE_SOURCE;
				MTL_FAST_MATH = YES;
				ONLY_ACTIVE_ARCH = YES;
				SDKROOT = iphoneos;
				SWIFT_ACTIVE_COMPILATION_CONDITIONS = DEBUG;
				SWIFT_OPTIMIZATION_LEVEL = "-Onone";
			};
			name = Debug;
		};
		FC3AE3B525FFA649008D5022 /* Release */ = {
			isa = XCBuildConfiguration;
			buildSettings = {
				ALWAYS_SEARCH_USER_PATHS = NO;
				CLANG_ANALYZER_NONNULL = YES;
				CLANG_ANALYZER_NUMBER_OBJECT_CONVERSION = YES_AGGRESSIVE;
				CLANG_CXX_LANGUAGE_STANDARD = "gnu++14";
				CLANG_CXX_LIBRARY = "libc++";
				CLANG_ENABLE_MODULES = YES;
				CLANG_ENABLE_OBJC_ARC = YES;
				CLANG_ENABLE_OBJC_WEAK = YES;
				CLANG_WARN_BLOCK_CAPTURE_AUTORELEASING = YES;
				CLANG_WARN_BOOL_CONVERSION = YES;
				CLANG_WARN_COMMA = YES;
				CLANG_WARN_CONSTANT_CONVERSION = YES;
				CLANG_WARN_DEPRECATED_OBJC_IMPLEMENTATIONS = YES;
				CLANG_WARN_DIRECT_OBJC_ISA_USAGE = YES_ERROR;
				CLANG_WARN_DOCUMENTATION_COMMENTS = YES;
				CLANG_WARN_EMPTY_BODY = YES;
				CLANG_WARN_ENUM_CONVERSION = YES;
				CLANG_WARN_INFINITE_RECURSION = YES;
				CLANG_WARN_INT_CONVERSION = YES;
				CLANG_WARN_NON_LITERAL_NULL_CONVERSION = YES;
				CLANG_WARN_OBJC_IMPLICIT_RETAIN_SELF = YES;
				CLANG_WARN_OBJC_LITERAL_CONVERSION = YES;
				CLANG_WARN_OBJC_ROOT_CLASS = YES_ERROR;
				CLANG_WARN_QUOTED_INCLUDE_IN_FRAMEWORK_HEADER = YES;
				CLANG_WARN_RANGE_LOOP_ANALYSIS = YES;
				CLANG_WARN_STRICT_PROTOTYPES = YES;
				CLANG_WARN_SUSPICIOUS_MOVE = YES;
				CLANG_WARN_UNGUARDED_AVAILABILITY = YES_AGGRESSIVE;
				CLANG_WARN_UNREACHABLE_CODE = YES;
				CLANG_WARN__DUPLICATE_METHOD_MATCH = YES;
				COPY_PHASE_STRIP = NO;
				DEBUG_INFORMATION_FORMAT = "dwarf-with-dsym";
				ENABLE_NS_ASSERTIONS = NO;
				ENABLE_STRICT_OBJC_MSGSEND = YES;
				GCC_C_LANGUAGE_STANDARD = gnu11;
				GCC_NO_COMMON_BLOCKS = YES;
				GCC_WARN_64_TO_32_BIT_CONVERSION = YES;
				GCC_WARN_ABOUT_RETURN_TYPE = YES_ERROR;
				GCC_WARN_UNDECLARED_SELECTOR = YES;
				GCC_WARN_UNINITIALIZED_AUTOS = YES_AGGRESSIVE;
				GCC_WARN_UNUSED_FUNCTION = YES;
				GCC_WARN_UNUSED_VARIABLE = YES;
				IPHONEOS_DEPLOYMENT_TARGET = 14.4;
				MTL_ENABLE_DEBUG_INFO = NO;
				MTL_FAST_MATH = YES;
				SDKROOT = iphoneos;
				SWIFT_COMPILATION_MODE = wholemodule;
				SWIFT_OPTIMIZATION_LEVEL = "-O";
				VALIDATE_PRODUCT = YES;
			};
			name = Release;
		};
		FC3AE3B725FFA649008D5022 /* Debug */ = {
			isa = XCBuildConfiguration;
			buildSettings = {
				ASSETCATALOG_COMPILER_APPICON_NAME = AppIcon;
				ASSETCATALOG_COMPILER_GLOBAL_ACCENT_COLOR_NAME = AccentColor;
				CODE_SIGN_STYLE = Automatic;
				INFOPLIST_FILE = SwiftLeecode/Info.plist;
				LD_RUNPATH_SEARCH_PATHS = (
					"$(inherited)",
					"@executable_path/Frameworks",
				);
				PRODUCT_BUNDLE_IDENTIFIER = com.cxy.SwiftLeecode;
				PRODUCT_NAME = "$(TARGET_NAME)";
				SWIFT_VERSION = 5.0;
				TARGETED_DEVICE_FAMILY = "1,2";
			};
			name = Debug;
		};
		FC3AE3B825FFA649008D5022 /* Release */ = {
			isa = XCBuildConfiguration;
			buildSettings = {
				ASSETCATALOG_COMPILER_APPICON_NAME = AppIcon;
				ASSETCATALOG_COMPILER_GLOBAL_ACCENT_COLOR_NAME = AccentColor;
				CODE_SIGN_STYLE = Automatic;
				INFOPLIST_FILE = SwiftLeecode/Info.plist;
				LD_RUNPATH_SEARCH_PATHS = (
					"$(inherited)",
					"@executable_path/Frameworks",
				);
				PRODUCT_BUNDLE_IDENTIFIER = com.cxy.SwiftLeecode;
				PRODUCT_NAME = "$(TARGET_NAME)";
				SWIFT_VERSION = 5.0;
				TARGETED_DEVICE_FAMILY = "1,2";
			};
			name = Release;
		};
		FC3AE3BA25FFA649008D5022 /* Debug */ = {
			isa = XCBuildConfiguration;
			buildSettings = {
				ALWAYS_EMBED_SWIFT_STANDARD_LIBRARIES = YES;
				BUNDLE_LOADER = "$(TEST_HOST)";
				CODE_SIGN_STYLE = Automatic;
				INFOPLIST_FILE = SwiftLeecodeTests/Info.plist;
				IPHONEOS_DEPLOYMENT_TARGET = 14.4;
				LD_RUNPATH_SEARCH_PATHS = (
					"$(inherited)",
					"@executable_path/Frameworks",
					"@loader_path/Frameworks",
				);
				PRODUCT_BUNDLE_IDENTIFIER = com.cxy.SwiftLeecodeTests;
				PRODUCT_NAME = "$(TARGET_NAME)";
				SWIFT_VERSION = 5.0;
				TARGETED_DEVICE_FAMILY = "1,2";
				TEST_HOST = "$(BUILT_PRODUCTS_DIR)/SwiftLeecode.app/SwiftLeecode";
			};
			name = Debug;
		};
		FC3AE3BB25FFA649008D5022 /* Release */ = {
			isa = XCBuildConfiguration;
			buildSettings = {
				ALWAYS_EMBED_SWIFT_STANDARD_LIBRARIES = YES;
				BUNDLE_LOADER = "$(TEST_HOST)";
				CODE_SIGN_STYLE = Automatic;
				INFOPLIST_FILE = SwiftLeecodeTests/Info.plist;
				IPHONEOS_DEPLOYMENT_TARGET = 14.4;
				LD_RUNPATH_SEARCH_PATHS = (
					"$(inherited)",
					"@executable_path/Frameworks",
					"@loader_path/Frameworks",
				);
				PRODUCT_BUNDLE_IDENTIFIER = com.cxy.SwiftLeecodeTests;
				PRODUCT_NAME = "$(TARGET_NAME)";
				SWIFT_VERSION = 5.0;
				TARGETED_DEVICE_FAMILY = "1,2";
				TEST_HOST = "$(BUILT_PRODUCTS_DIR)/SwiftLeecode.app/SwiftLeecode";
			};
			name = Release;
		};
		FC3AE3BD25FFA649008D5022 /* Debug */ = {
			isa = XCBuildConfiguration;
			buildSettings = {
				ALWAYS_EMBED_SWIFT_STANDARD_LIBRARIES = YES;
				CODE_SIGN_STYLE = Automatic;
				INFOPLIST_FILE = SwiftLeecodeUITests/Info.plist;
				LD_RUNPATH_SEARCH_PATHS = (
					"$(inherited)",
					"@executable_path/Frameworks",
					"@loader_path/Frameworks",
				);
				PRODUCT_BUNDLE_IDENTIFIER = com.cxy.SwiftLeecodeUITests;
				PRODUCT_NAME = "$(TARGET_NAME)";
				SWIFT_VERSION = 5.0;
				TARGETED_DEVICE_FAMILY = "1,2";
				TEST_TARGET_NAME = SwiftLeecode;
			};
			name = Debug;
		};
		FC3AE3BE25FFA649008D5022 /* Release */ = {
			isa = XCBuildConfiguration;
			buildSettings = {
				ALWAYS_EMBED_SWIFT_STANDARD_LIBRARIES = YES;
				CODE_SIGN_STYLE = Automatic;
				INFOPLIST_FILE = SwiftLeecodeUITests/Info.plist;
				LD_RUNPATH_SEARCH_PATHS = (
					"$(inherited)",
					"@executable_path/Frameworks",
					"@loader_path/Frameworks",
				);
				PRODUCT_BUNDLE_IDENTIFIER = com.cxy.SwiftLeecodeUITests;
				PRODUCT_NAME = "$(TARGET_NAME)";
				SWIFT_VERSION = 5.0;
				TARGETED_DEVICE_FAMILY = "1,2";
				TEST_TARGET_NAME = SwiftLeecode;
			};
			name = Release;
		};
/* End XCBuildConfiguration section */

/* Begin XCConfigurationList section */
		FC3AE38725FFA647008D5022 /* Build configuration list for PBXProject "SwiftLeecode" */ = {
			isa = XCConfigurationList;
			buildConfigurations = (
				FC3AE3B425FFA649008D5022 /* Debug */,
				FC3AE3B525FFA649008D5022 /* Release */,
			);
			defaultConfigurationIsVisible = 0;
			defaultConfigurationName = Release;
		};
		FC3AE3B625FFA649008D5022 /* Build configuration list for PBXNativeTarget "SwiftLeecode" */ = {
			isa = XCConfigurationList;
			buildConfigurations = (
				FC3AE3B725FFA649008D5022 /* Debug */,
				FC3AE3B825FFA649008D5022 /* Release */,
			);
			defaultConfigurationIsVisible = 0;
			defaultConfigurationName = Release;
		};
		FC3AE3B925FFA649008D5022 /* Build configuration list for PBXNativeTarget "SwiftLeecodeTests" */ = {
			isa = XCConfigurationList;
			buildConfigurations = (
				FC3AE3BA25FFA649008D5022 /* Debug */,
				FC3AE3BB25FFA649008D5022 /* Release */,
			);
			defaultConfigurationIsVisible = 0;
			defaultConfigurationName = Release;
		};
		FC3AE3BC25FFA649008D5022 /* Build configuration list for PBXNativeTarget "SwiftLeecodeUITests" */ = {
			isa = XCConfigurationList;
			buildConfigurations = (
				FC3AE3BD25FFA649008D5022 /* Debug */,
				FC3AE3BE25FFA649008D5022 /* Release */,
			);
			defaultConfigurationIsVisible = 0;
			defaultConfigurationName = Release;
		};
/* End XCConfigurationList section */
	};
	rootObject = FC3AE38425FFA647008D5022 /* Project object */;
}
